
Microsoft Visual Studio Solution File, Format Version 12.00
# Visual Studio Version 16
VisualStudioVersion = 16.0.29102.190
MinimumVisualStudioVersion = 10.0.40219.1
Project("{2150E333-8FDC-42A3-9474-1A3956D46DE8}") = "libs", "libs", "{B520C700-7D45-4D82-BFB5-218FA68CF5CF}"
	ProjectSection(SolutionItems) = preProject
		libs\Directory.Build.props = libs\Directory.Build.props
	EndProjectSection
EndProject
Project("{ADE56F7F-BAFA-4A53-AE01-1ECE19D320C2}") = "Arcanum.NsJson.Tools", "libs\Arcanum.NsJson.Tools\Arcanum.NsJson.Tools.csproj", "{E7144848-7B0F-4DFC-9C89-FC7ECF0957EF}"
EndProject
Project("{0C70373D-2B3B-4D89-889F-3ADD7550A0EF}") = "Arcanum.NsJson.Abstractions", "libs\Arcanum.NsJson.Abstractions\Arcanum.NsJson.Abstractions.csproj", "{86896C1C-9B01-4B8C-A55C-A8B92A1389E0}"
EndProject
Project("{6C551D97-0D11-48E3-B0A8-9E1D2C6816A1}") = "Arcanum.NsJson.Configuration", "libs\Arcanum.NsJson.Configuration\Arcanum.NsJson.Configuration.csproj", "{3853E678-604F-4F03-97BC-417C07450645}"
EndProject
Project("{3CB68697-574A-4478-9C50-0DB05DF0BAE6}") = "Arcanum.NsJson.ContractResolvers", "libs\Arcanum.NsJson.ContractResolvers\Arcanum.NsJson.ContractResolvers.csproj", "{253B4124-8DB6-46A2-82BA-B99FB53C08F3}"
EndProject
Project("{71DF2B8A-ABD1-46D7-ACB5-FB1100AA5B51}") = "Arcanum.NsJson.ContractModules", "libs\Arcanum.NsJson.ContractModules\Arcanum.NsJson.ContractModules.csproj", "{3D523709-7CCD-4B58-90F3-1CCA3D953831}"
EndProject
Project("{9A19103F-16F7-4668-BE54-9A1E7A4F7556}") = "Arcanum.NsJson", "libs\Arcanum.NsJson\Arcanum.NsJson.csproj", "{899B622B-E7A8-4F6C-87BF-01FA3A094C6A}"
EndProject
Project("{FAE04EC0-301F-11D3-BF4B-00C04F79EFBC}") = "Arcanum.NsJson.Tests", "tests\Arcanum.NsJson.Tests\Arcanum.NsJson.Tests.csproj", "{919F7566-1CB5-455D-A0CF-AE722D494828}"
EndProject
Project("{2150E333-8FDC-42A3-9474-1A3956D46DE8}") = "tests", "tests", "{49DAAD33-3AD9-4ECE-AE05-FCBE7FEA0BF9}"
ProjectSection(SolutionItems) = preProject
	tests\Directory.Build.props = tests\Directory.Build.props
EndProjectSection
EndProject
Global
	GlobalSection(NestedProjects) = preSolution
		{E7144848-7B0F-4DFC-9C89-FC7ECF0957EF} = {B520C700-7D45-4D82-BFB5-218FA68CF5CF}
		{86896C1C-9B01-4B8C-A55C-A8B92A1389E0} = {B520C700-7D45-4D82-BFB5-218FA68CF5CF}
		{3853E678-604F-4F03-97BC-417C07450645} = {B520C700-7D45-4D82-BFB5-218FA68CF5CF}
		{253B4124-8DB6-46A2-82BA-B99FB53C08F3} = {B520C700-7D45-4D82-BFB5-218FA68CF5CF}
		{3D523709-7CCD-4B58-90F3-1CCA3D953831} = {B520C700-7D45-4D82-BFB5-218FA68CF5CF}
		{899B622B-E7A8-4F6C-87BF-01FA3A094C6A} = {B520C700-7D45-4D82-BFB5-218FA68CF5CF}
		{919F7566-1CB5-455D-A0CF-AE722D494828} = {49DAAD33-3AD9-4ECE-AE05-FCBE7FEA0BF9}
	EndGlobalSection
	GlobalSection(SolutionConfigurationPlatforms) = preSolution
		Debug|Any CPU = Debug|Any CPU
		Release|Any CPU = Release|Any CPU
		NuGet|Any CPU = NuGet|Any CPU
	EndGlobalSection
	GlobalSection(ProjectConfigurationPlatforms) = postSolution
		{E7144848-7B0F-4DFC-9C89-FC7ECF0957EF}.Debug|Any CPU.ActiveCfg = Debug|Any CPU
		{E7144848-7B0F-4DFC-9C89-FC7ECF0957EF}.Debug|Any CPU.Build.0 = Debug|Any CPU
		{E7144848-7B0F-4DFC-9C89-FC7ECF0957EF}.Release|Any CPU.ActiveCfg = Release|Any CPU
		{E7144848-7B0F-4DFC-9C89-FC7ECF0957EF}.Release|Any CPU.Build.0 = Release|Any CPU
		{E7144848-7B0F-4DFC-9C89-FC7ECF0957EF}.NuGet|Any CPU.ActiveCfg = NuGet|Any CPU
		{E7144848-7B0F-4DFC-9C89-FC7ECF0957EF}.NuGet|Any CPU.Build.0 = NuGet|Any CPU
		{3853E678-604F-4F03-97BC-417C07450645}.Debug|Any CPU.ActiveCfg = Debug|Any CPU
		{3853E678-604F-4F03-97BC-417C07450645}.Debug|Any CPU.Build.0 = Debug|Any CPU
		{3853E678-604F-4F03-97BC-417C07450645}.Release|Any CPU.ActiveCfg = Release|Any CPU
		{3853E678-604F-4F03-97BC-417C07450645}.Release|Any CPU.Build.0 = Release|Any CPU
		{3853E678-604F-4F03-97BC-417C07450645}.NuGet|Any CPU.ActiveCfg = NuGet|Any CPU
		{3853E678-604F-4F03-97BC-417C07450645}.NuGet|Any CPU.Build.0 = NuGet|Any CPU
		{86896C1C-9B01-4B8C-A55C-A8B92A1389E0}.Debug|Any CPU.ActiveCfg = Debug|Any CPU
		{86896C1C-9B01-4B8C-A55C-A8B92A1389E0}.Debug|Any CPU.Build.0 = Debug|Any CPU
		{86896C1C-9B01-4B8C-A55C-A8B92A1389E0}.Release|Any CPU.ActiveCfg = Release|Any CPU
		{86896C1C-9B01-4B8C-A55C-A8B92A1389E0}.Release|Any CPU.Build.0 = Release|Any CPU
		{86896C1C-9B01-4B8C-A55C-A8B92A1389E0}.NuGet|Any CPU.ActiveCfg = NuGet|Any CPU
		{86896C1C-9B01-4B8C-A55C-A8B92A1389E0}.NuGet|Any CPU.Build.0 = NuGet|Any CPU
		{253B4124-8DB6-46A2-82BA-B99FB53C08F3}.Debug|Any CPU.ActiveCfg = Debug|Any CPU
		{253B4124-8DB6-46A2-82BA-B99FB53C08F3}.Debug|Any CPU.Build.0 = Debug|Any CPU
		{253B4124-8DB6-46A2-82BA-B99FB53C08F3}.Release|Any CPU.ActiveCfg = Release|Any CPU
		{253B4124-8DB6-46A2-82BA-B99FB53C08F3}.Release|Any CPU.Build.0 = Release|Any CPU
		{253B4124-8DB6-46A2-82BA-B99FB53C08F3}.NuGet|Any CPU.ActiveCfg = NuGet|Any CPU
		{253B4124-8DB6-46A2-82BA-B99FB53C08F3}.NuGet|Any CPU.Build.0 = NuGet|Any CPU
		{3D523709-7CCD-4B58-90F3-1CCA3D953831}.Debug|Any CPU.ActiveCfg = Debug|Any CPU
		{3D523709-7CCD-4B58-90F3-1CCA3D953831}.Debug|Any CPU.Build.0 = Debug|Any CPU
		{3D523709-7CCD-4B58-90F3-1CCA3D953831}.Release|Any CPU.ActiveCfg = Release|Any CPU
		{3D523709-7CCD-4B58-90F3-1CCA3D953831}.Release|Any CPU.Build.0 = Release|Any CPU
		{3D523709-7CCD-4B58-90F3-1CCA3D953831}.NuGet|Any CPU.ActiveCfg = NuGet|Any CPU
		{3D523709-7CCD-4B58-90F3-1CCA3D953831}.NuGet|Any CPU.Build.0 = NuGet|Any CPU
		{899B622B-E7A8-4F6C-87BF-01FA3A094C6A}.Debug|Any CPU.ActiveCfg = Debug|Any CPU
		{899B622B-E7A8-4F6C-87BF-01FA3A094C6A}.Debug|Any CPU.Build.0 = Debug|Any CPU
		{899B622B-E7A8-4F6C-87BF-01FA3A094C6A}.Release|Any CPU.ActiveCfg = Release|Any CPU
		{899B622B-E7A8-4F6C-87BF-01FA3A094C6A}.Release|Any CPU.Build.0 = Release|Any CPU
		{899B622B-E7A8-4F6C-87BF-01FA3A094C6A}.NuGet|Any CPU.ActiveCfg = NuGet|Any CPU
		{899B622B-E7A8-4F6C-87BF-01FA3A094C6A}.NuGet|Any CPU.Build.0 = NuGet|Any CPU
		{919F7566-1CB5-455D-A0CF-AE722D494828}.Debug|Any CPU.ActiveCfg = Debug|Any CPU
		{919F7566-1CB5-455D-A0CF-AE722D494828}.Debug|Any CPU.Build.0 = Debug|Any CPU
		{919F7566-1CB5-455D-A0CF-AE722D494828}.Release|Any CPU.ActiveCfg = Release|Any CPU
		{919F7566-1CB5-455D-A0CF-AE722D494828}.Release|Any CPU.Build.0 = Release|Any CPU
		{919F7566-1CB5-455D-A0CF-AE722D494828}.NuGet|Any CPU.ActiveCfg = Release|Any CPU
	EndGlobalSection
	GlobalSection(SolutionProperties) = preSolution
		HideSolutionNode = FALSE
	EndGlobalSection
	GlobalSection(ExtensibilityGlobals) = postSolution
		SolutionGuid = {B320CBD7-4997-45C1-9545-0C76F1A7F9C6}
	EndGlobalSection
EndGlobal
