
Microsoft Visual Studio Solution File, Format Version 12.00
# Visual Studio Version 16
VisualStudioVersion = 16.0.29102.190
MinimumVisualStudioVersion = 10.0.40219.1
Project("{9A19103F-16F7-4668-BE54-9A1E7A4F7556}") = "Arcanum.ForNewtonsoftJson", "Arcanum.ForNewtonsoftJson\Arcanum.ForNewtonsoftJson.csproj", "{899B622B-E7A8-4F6C-87BF-01FA3A094C6A}"
EndProject
Project("{FAE04EC0-301F-11D3-BF4B-00C04F79EFBC}") = "Tests.Arcanum.ForNewtonsoftJson", "Tests.Arcanum.ForNewtonsoftJson\Tests.Arcanum.ForNewtonsoftJson.csproj", "{0702D634-B3DC-4826-B5A3-70FB52D22722}"
EndProject
Global
	GlobalSection(SolutionConfigurationPlatforms) = preSolution
		Debug|Any CPU = Debug|Any CPU
		Release|Any CPU = Release|Any CPU
	EndGlobalSection
	GlobalSection(ProjectConfigurationPlatforms) = postSolution
		{899B622B-E7A8-4F6C-87BF-01FA3A094C6A}.Debug|Any CPU.ActiveCfg = Debug|Any CPU
		{899B622B-E7A8-4F6C-87BF-01FA3A094C6A}.Debug|Any CPU.Build.0 = Debug|Any CPU
		{899B622B-E7A8-4F6C-87BF-01FA3A094C6A}.Release|Any CPU.ActiveCfg = Release|Any CPU
		{899B622B-E7A8-4F6C-87BF-01FA3A094C6A}.Release|Any CPU.Build.0 = Release|Any CPU
		{0702D634-B3DC-4826-B5A3-70FB52D22722}.Debug|Any CPU.ActiveCfg = Debug|Any CPU
		{0702D634-B3DC-4826-B5A3-70FB52D22722}.Debug|Any CPU.Build.0 = Debug|Any CPU
		{0702D634-B3DC-4826-B5A3-70FB52D22722}.Release|Any CPU.ActiveCfg = Release|Any CPU
		{0702D634-B3DC-4826-B5A3-70FB52D22722}.Release|Any CPU.Build.0 = Release|Any CPU
	EndGlobalSection
	GlobalSection(SolutionProperties) = preSolution
		HideSolutionNode = FALSE
	EndGlobalSection
	GlobalSection(ExtensibilityGlobals) = postSolution
		SolutionGuid = {70AA7719-3A10-4F18-9EF2-2CF7EFE3010B}
	EndGlobalSection
EndGlobal
